// !$*UTF8*$!
{
	archiveVersion = 1;
	classes = {
	};
	objectVersion = 56;
	objects = {

/* Begin PBXBuildFile section */
		0915B6CF29B2C6DD00B0253B /* HackathonApp.swift in Sources */ = {isa = PBXBuildFile; fileRef = 0915B6CE29B2C6DD00B0253B /* HackathonApp.swift */; };
		0915B6D129B2C6DD00B0253B /* ContentView.swift in Sources */ = {isa = PBXBuildFile; fileRef = 0915B6D029B2C6DD00B0253B /* ContentView.swift */; };
		0915B6D329B2C6DE00B0253B /* Assets.xcassets in Resources */ = {isa = PBXBuildFile; fileRef = 0915B6D229B2C6DE00B0253B /* Assets.xcassets */; };
		0915B6D629B2C6DE00B0253B /* Preview Assets.xcassets in Resources */ = {isa = PBXBuildFile; fileRef = 0915B6D529B2C6DE00B0253B /* Preview Assets.xcassets */; };
		0915B6E029B2C6DE00B0253B /* HackathonTests.swift in Sources */ = {isa = PBXBuildFile; fileRef = 0915B6DF29B2C6DE00B0253B /* HackathonTests.swift */; };
		0915B6EA29B2C6DE00B0253B /* HackathonUITests.swift in Sources */ = {isa = PBXBuildFile; fileRef = 0915B6E929B2C6DE00B0253B /* HackathonUITests.swift */; };
		0915B6EC29B2C6DE00B0253B /* HackathonUITestsLaunchTests.swift in Sources */ = {isa = PBXBuildFile; fileRef = 0915B6EB29B2C6DE00B0253B /* HackathonUITestsLaunchTests.swift */; };
		0915B6F929B2CB8900B0253B /* DataView.swift in Sources */ = {isa = PBXBuildFile; fileRef = 0915B6F829B2CB8900B0253B /* DataView.swift */; };
		09E2242929B3B5420018D2C9 /* ShoppingView.swift in Sources */ = {isa = PBXBuildFile; fileRef = 09E2242829B3B5420018D2C9 /* ShoppingView.swift */; };
		09E2242B29B3B9040018D2C9 /* ProfileView.swift in Sources */ = {isa = PBXBuildFile; fileRef = 09E2242A29B3B9040018D2C9 /* ProfileView.swift */; };
		09E2242F29B3C11D0018D2C9 /* EcoScoreTotal.swift in Sources */ = {isa = PBXBuildFile; fileRef = 09E2242E29B3C11D0018D2C9 /* EcoScoreTotal.swift */; };
		09E2243129B3E3720018D2C9 /* ListView.swift in Sources */ = {isa = PBXBuildFile; fileRef = 09E2243029B3E3720018D2C9 /* ListView.swift */; };
/* End PBXBuildFile section */

/* Begin PBXContainerItemProxy section */
		0915B6DC29B2C6DE00B0253B /* PBXContainerItemProxy */ = {
			isa = PBXContainerItemProxy;
			containerPortal = 0915B6C329B2C6DD00B0253B /* Project object */;
			proxyType = 1;
			remoteGlobalIDString = 0915B6CA29B2C6DD00B0253B;
			remoteInfo = Hackathon;
		};
		0915B6E629B2C6DE00B0253B /* PBXContainerItemProxy */ = {
			isa = PBXContainerItemProxy;
			containerPortal = 0915B6C329B2C6DD00B0253B /* Project object */;
			proxyType = 1;
			remoteGlobalIDString = 0915B6CA29B2C6DD00B0253B;
			remoteInfo = Hackathon;
		};
/* End PBXContainerItemProxy section */

/* Begin PBXFileReference section */
		0915B6CB29B2C6DD00B0253B /* Hackathon.app */ = {isa = PBXFileReference; explicitFileType = wrapper.application; includeInIndex = 0; path = Hackathon.app; sourceTree = BUILT_PRODUCTS_DIR; };
		0915B6CE29B2C6DD00B0253B /* HackathonApp.swift */ = {isa = PBXFileReference; lastKnownFileType = sourcecode.swift; path = HackathonApp.swift; sourceTree = "<group>"; };
		0915B6D029B2C6DD00B0253B /* ContentView.swift */ = {isa = PBXFileReference; lastKnownFileType = sourcecode.swift; path = ContentView.swift; sourceTree = "<group>"; };
		0915B6D229B2C6DE00B0253B /* Assets.xcassets */ = {isa = PBXFileReference; lastKnownFileType = folder.assetcatalog; path = Assets.xcassets; sourceTree = "<group>"; };
		0915B6D529B2C6DE00B0253B /* Preview Assets.xcassets */ = {isa = PBXFileReference; lastKnownFileType = folder.assetcatalog; path = "Preview Assets.xcassets"; sourceTree = "<group>"; };
		0915B6DB29B2C6DE00B0253B /* HackathonTests.xctest */ = {isa = PBXFileReference; explicitFileType = wrapper.cfbundle; includeInIndex = 0; path = HackathonTests.xctest; sourceTree = BUILT_PRODUCTS_DIR; };
		0915B6DF29B2C6DE00B0253B /* HackathonTests.swift */ = {isa = PBXFileReference; lastKnownFileType = sourcecode.swift; path = HackathonTests.swift; sourceTree = "<group>"; };
		0915B6E529B2C6DE00B0253B /* HackathonUITests.xctest */ = {isa = PBXFileReference; explicitFileType = wrapper.cfbundle; includeInIndex = 0; path = HackathonUITests.xctest; sourceTree = BUILT_PRODUCTS_DIR; };
		0915B6E929B2C6DE00B0253B /* HackathonUITests.swift */ = {isa = PBXFileReference; lastKnownFileType = sourcecode.swift; path = HackathonUITests.swift; sourceTree = "<group>"; };
		0915B6EB29B2C6DE00B0253B /* HackathonUITestsLaunchTests.swift */ = {isa = PBXFileReference; lastKnownFileType = sourcecode.swift; path = HackathonUITestsLaunchTests.swift; sourceTree = "<group>"; };
		0915B6F829B2CB8900B0253B /* DataView.swift */ = {isa = PBXFileReference; lastKnownFileType = sourcecode.swift; path = DataView.swift; sourceTree = "<group>"; };
		09E2242829B3B5420018D2C9 /* ShoppingView.swift */ = {isa = PBXFileReference; lastKnownFileType = sourcecode.swift; path = ShoppingView.swift; sourceTree = "<group>"; };
		09E2242A29B3B9040018D2C9 /* ProfileView.swift */ = {isa = PBXFileReference; lastKnownFileType = sourcecode.swift; path = ProfileView.swift; sourceTree = "<group>"; };
		09E2242E29B3C11D0018D2C9 /* EcoScoreTotal.swift */ = {isa = PBXFileReference; lastKnownFileType = sourcecode.swift; path = EcoScoreTotal.swift; sourceTree = "<group>"; };
		09E2243029B3E3720018D2C9 /* ListView.swift */ = {isa = PBXFileReference; lastKnownFileType = sourcecode.swift; path = ListView.swift; sourceTree = "<group>"; };
/* End PBXFileReference section */

/* Begin PBXFrameworksBuildPhase section */
		0915B6C829B2C6DD00B0253B /* Frameworks */ = {
			isa = PBXFrameworksBuildPhase;
			buildActionMask = 2147483647;
			files = (
			);
			runOnlyForDeploymentPostprocessing = 0;
		};
		0915B6D829B2C6DE00B0253B /* Frameworks */ = {
			isa = PBXFrameworksBuildPhase;
			buildActionMask = 2147483647;
			files = (
			);
			runOnlyForDeploymentPostprocessing = 0;
		};
		0915B6E229B2C6DE00B0253B /* Frameworks */ = {
			isa = PBXFrameworksBuildPhase;
			buildActionMask = 2147483647;
			files = (
			);
			runOnlyForDeploymentPostprocessing = 0;
		};
/* End PBXFrameworksBuildPhase section */

/* Begin PBXGroup section */
		0915B6C229B2C6DD00B0253B = {
			isa = PBXGroup;
			children = (
				0915B6CD29B2C6DD00B0253B /* Hackathon */,
				0915B6DE29B2C6DE00B0253B /* HackathonTests */,
				0915B6E829B2C6DE00B0253B /* HackathonUITests */,
				0915B6CC29B2C6DD00B0253B /* Products */,
			);
			sourceTree = "<group>";
		};
		0915B6CC29B2C6DD00B0253B /* Products */ = {
			isa = PBXGroup;
			children = (
				0915B6CB29B2C6DD00B0253B /* Hackathon.app */,
				0915B6DB29B2C6DE00B0253B /* HackathonTests.xctest */,
				0915B6E529B2C6DE00B0253B /* HackathonUITests.xctest */,
			);
			name = Products;
			sourceTree = "<group>";
		};
		0915B6CD29B2C6DD00B0253B /* Hackathon */ = {
			isa = PBXGroup;
			children = (
				0915B6CE29B2C6DD00B0253B /* HackathonApp.swift */,
				0915B6D029B2C6DD00B0253B /* ContentView.swift */,
				09E2242829B3B5420018D2C9 /* ShoppingView.swift */,
				0915B6F829B2CB8900B0253B /* DataView.swift */,
				09E2242A29B3B9040018D2C9 /* ProfileView.swift */,
				09E2242E29B3C11D0018D2C9 /* EcoScoreTotal.swift */,
				09E2243029B3E3720018D2C9 /* ListView.swift */,
				0915B6D229B2C6DE00B0253B /* Assets.xcassets */,
				0915B6D429B2C6DE00B0253B /* Preview Content */,
			);
			path = Hackathon;
			sourceTree = "<group>";
		};
		0915B6D429B2C6DE00B0253B /* Preview Content */ = {
			isa = PBXGroup;
			children = (
				0915B6D529B2C6DE00B0253B /* Preview Assets.xcassets */,
			);
			path = "Preview Content";
			sourceTree = "<group>";
		};
		0915B6DE29B2C6DE00B0253B /* HackathonTests */ = {
			isa = PBXGroup;
			children = (
				0915B6DF29B2C6DE00B0253B /* HackathonTests.swift */,
			);
			path = HackathonTests;
			sourceTree = "<group>";
		};
		0915B6E829B2C6DE00B0253B /* HackathonUITests */ = {
			isa = PBXGroup;
			children = (
				0915B6E929B2C6DE00B0253B /* HackathonUITests.swift */,
				0915B6EB29B2C6DE00B0253B /* HackathonUITestsLaunchTests.swift */,
			);
			path = HackathonUITests;
			sourceTree = "<group>";
		};
/* End PBXGroup section */

/* Begin PBXNativeTarget section */
		0915B6CA29B2C6DD00B0253B /* Hackathon */ = {
			isa = PBXNativeTarget;
			buildConfigurationList = 0915B6EF29B2C6DE00B0253B /* Build configuration list for PBXNativeTarget "Hackathon" */;
			buildPhases = (
				0915B6C729B2C6DD00B0253B /* Sources */,
				0915B6C829B2C6DD00B0253B /* Frameworks */,
				0915B6C929B2C6DD00B0253B /* Resources */,
			);
			buildRules = (
			);
			dependencies = (
			);
			name = Hackathon;
			productName = Hackathon;
			productReference = 0915B6CB29B2C6DD00B0253B /* Hackathon.app */;
			productType = "com.apple.product-type.application";
		};
		0915B6DA29B2C6DE00B0253B /* HackathonTests */ = {
			isa = PBXNativeTarget;
			buildConfigurationList = 0915B6F229B2C6DE00B0253B /* Build configuration list for PBXNativeTarget "HackathonTests" */;
			buildPhases = (
				0915B6D729B2C6DE00B0253B /* Sources */,
				0915B6D829B2C6DE00B0253B /* Frameworks */,
				0915B6D929B2C6DE00B0253B /* Resources */,
			);
			buildRules = (
			);
			dependencies = (
				0915B6DD29B2C6DE00B0253B /* PBXTargetDependency */,
			);
			name = HackathonTests;
			productName = HackathonTests;
			productReference = 0915B6DB29B2C6DE00B0253B /* HackathonTests.xctest */;
			productType = "com.apple.product-type.bundle.unit-test";
		};
		0915B6E429B2C6DE00B0253B /* HackathonUITests */ = {
			isa = PBXNativeTarget;
			buildConfigurationList = 0915B6F529B2C6DE00B0253B /* Build configuration list for PBXNativeTarget "HackathonUITests" */;
			buildPhases = (
				0915B6E129B2C6DE00B0253B /* Sources */,
				0915B6E229B2C6DE00B0253B /* Frameworks */,
				0915B6E329B2C6DE00B0253B /* Resources */,
			);
			buildRules = (
			);
			dependencies = (
				0915B6E729B2C6DE00B0253B /* PBXTargetDependency */,
			);
			name = HackathonUITests;
			productName = HackathonUITests;
			productReference = 0915B6E529B2C6DE00B0253B /* HackathonUITests.xctest */;
			productType = "com.apple.product-type.bundle.ui-testing";
		};
/* End PBXNativeTarget section */

/* Begin PBXProject section */
		0915B6C329B2C6DD00B0253B /* Project object */ = {
			isa = PBXProject;
			attributes = {
				BuildIndependentTargetsInParallel = 1;
				LastSwiftUpdateCheck = 1420;
				LastUpgradeCheck = 1420;
				TargetAttributes = {
					0915B6CA29B2C6DD00B0253B = {
						CreatedOnToolsVersion = 14.2;
					};
					0915B6DA29B2C6DE00B0253B = {
						CreatedOnToolsVersion = 14.2;
						TestTargetID = 0915B6CA29B2C6DD00B0253B;
					};
					0915B6E429B2C6DE00B0253B = {
						CreatedOnToolsVersion = 14.2;
						TestTargetID = 0915B6CA29B2C6DD00B0253B;
					};
				};
			};
			buildConfigurationList = 0915B6C629B2C6DD00B0253B /* Build configuration list for PBXProject "Hackathon" */;
			compatibilityVersion = "Xcode 14.0";
			developmentRegion = en;
			hasScannedForEncodings = 0;
			knownRegions = (
				en,
				Base,
			);
			mainGroup = 0915B6C229B2C6DD00B0253B;
			productRefGroup = 0915B6CC29B2C6DD00B0253B /* Products */;
			projectDirPath = "";
			projectRoot = "";
			targets = (
				0915B6CA29B2C6DD00B0253B /* Hackathon */,
				0915B6DA29B2C6DE00B0253B /* HackathonTests */,
				0915B6E429B2C6DE00B0253B /* HackathonUITests */,
			);
		};
/* End PBXProject section */

/* Begin PBXResourcesBuildPhase section */
		0915B6C929B2C6DD00B0253B /* Resources */ = {
			isa = PBXResourcesBuildPhase;
			buildActionMask = 2147483647;
			files = (
				0915B6D629B2C6DE00B0253B /* Preview Assets.xcassets in Resources */,
				0915B6D329B2C6DE00B0253B /* Assets.xcassets in Resources */,
			);
			runOnlyForDeploymentPostprocessing = 0;
		};
		0915B6D929B2C6DE00B0253B /* Resources */ = {
			isa = PBXResourcesBuildPhase;
			buildActionMask = 2147483647;
			files = (
			);
			runOnlyForDeploymentPostprocessing = 0;
		};
		0915B6E329B2C6DE00B0253B /* Resources */ = {
			isa = PBXResourcesBuildPhase;
			buildActionMask = 2147483647;
			files = (
			);
			runOnlyForDeploymentPostprocessing = 0;
		};
/* End PBXResourcesBuildPhase section */

/* Begin PBXSourcesBuildPhase section */
		0915B6C729B2C6DD00B0253B /* Sources */ = {
			isa = PBXSourcesBuildPhase;
			buildActionMask = 2147483647;
			files = (
				09E2242929B3B5420018D2C9 /* ShoppingView.swift in Sources */,
				0915B6F929B2CB8900B0253B /* DataView.swift in Sources */,
				09E2242B29B3B9040018D2C9 /* ProfileView.swift in Sources */,
				09E2243129B3E3720018D2C9 /* ListView.swift in Sources */,
				09E2242F29B3C11D0018D2C9 /* EcoScoreTotal.swift in Sources */,
				0915B6D129B2C6DD00B0253B /* ContentView.swift in Sources */,
				0915B6CF29B2C6DD00B0253B /* HackathonApp.swift in Sources */,
			);
			runOnlyForDeploymentPostprocessing = 0;
		};
		0915B6D729B2C6DE00B0253B /* Sources */ = {
			isa = PBXSourcesBuildPhase;
			buildActionMask = 2147483647;
			files = (
				0915B6E029B2C6DE00B0253B /* HackathonTests.swift in Sources */,
			);
			runOnlyForDeploymentPostprocessing = 0;
		};
		0915B6E129B2C6DE00B0253B /* Sources */ = {
			isa = PBXSourcesBuildPhase;
			buildActionMask = 2147483647;
			files = (
				0915B6EC29B2C6DE00B0253B /* HackathonUITestsLaunchTests.swift in Sources */,
				0915B6EA29B2C6DE00B0253B /* HackathonUITests.swift in Sources */,
			);
			runOnlyForDeploymentPostprocessing = 0;
		};
/* End PBXSourcesBuildPhase section */

/* Begin PBXTargetDependency section */
		0915B6DD29B2C6DE00B0253B /* PBXTargetDependency */ = {
			isa = PBXTargetDependency;
			target = 0915B6CA29B2C6DD00B0253B /* Hackathon */;
			targetProxy = 0915B6DC29B2C6DE00B0253B /* PBXContainerItemProxy */;
		};
		0915B6E729B2C6DE00B0253B /* PBXTargetDependency */ = {
			isa = PBXTargetDependency;
			target = 0915B6CA29B2C6DD00B0253B /* Hackathon */;
			targetProxy = 0915B6E629B2C6DE00B0253B /* PBXContainerItemProxy */;
		};
/* End PBXTargetDependency section */

/* Begin XCBuildConfiguration section */
		0915B6ED29B2C6DE00B0253B /* Debug */ = {
			isa = XCBuildConfiguration;
			buildSettings = {
				ALWAYS_SEARCH_USER_PATHS = NO;
				CLANG_ANALYZER_NONNULL = YES;
				CLANG_ANALYZER_NUMBER_OBJECT_CONVERSION = YES_AGGRESSIVE;
				CLANG_CXX_LANGUAGE_STANDARD = "gnu++20";
				CLANG_ENABLE_MODULES = YES;
				CLANG_ENABLE_OBJC_ARC = YES;
				CLANG_ENABLE_OBJC_WEAK = YES;
				CLANG_WARN_BLOCK_CAPTURE_AUTORELEASING = YES;
				CLANG_WARN_BOOL_CONVERSION = YES;
				CLANG_WARN_COMMA = YES;
				CLANG_WARN_CONSTANT_CONVERSION = YES;
				CLANG_WARN_DEPRECATED_OBJC_IMPLEMENTATIONS = YES;
				CLANG_WARN_DIRECT_OBJC_ISA_USAGE = YES_ERROR;
				CLANG_WARN_DOCUMENTATION_COMMENTS = YES;
				CLANG_WARN_EMPTY_BODY = YES;
				CLANG_WARN_ENUM_CONVERSION = YES;
				CLANG_WARN_INFINITE_RECURSION = YES;
				CLANG_WARN_INT_CONVERSION = YES;
				CLANG_WARN_NON_LITERAL_NULL_CONVERSION = YES;
				CLANG_WARN_OBJC_IMPLICIT_RETAIN_SELF = YES;
				CLANG_WARN_OBJC_LITERAL_CONVERSION = YES;
				CLANG_WARN_OBJC_ROOT_CLASS = YES_ERROR;
				CLANG_WARN_QUOTED_INCLUDE_IN_FRAMEWORK_HEADER = YES;
				CLANG_WARN_RANGE_LOOP_ANALYSIS = YES;
				CLANG_WARN_STRICT_PROTOTYPES = YES;
				CLANG_WARN_SUSPICIOUS_MOVE = YES;
				CLANG_WARN_UNGUARDED_AVAILABILITY = YES_AGGRESSIVE;
				CLANG_WARN_UNREACHABLE_CODE = YES;
				CLANG_WARN__DUPLICATE_METHOD_MATCH = YES;
				COPY_PHASE_STRIP = NO;
				DEBUG_INFORMATION_FORMAT = dwarf;
				ENABLE_STRICT_OBJC_MSGSEND = YES;
				ENABLE_TESTABILITY = YES;
				GCC_C_LANGUAGE_STANDARD = gnu11;
				GCC_DYNAMIC_NO_PIC = NO;
				GCC_NO_COMMON_BLOCKS = YES;
				GCC_OPTIMIZATION_LEVEL = 0;
				GCC_PREPROCESSOR_DEFINITIONS = (
					"DEBUG=1",
					"$(inherited)",
				);
				GCC_WARN_64_TO_32_BIT_CONVERSION = YES;
				GCC_WARN_ABOUT_RETURN_TYPE = YES_ERROR;
				GCC_WARN_UNDECLARED_SELECTOR = YES;
				GCC_WARN_UNINITIALIZED_AUTOS = YES_AGGRESSIVE;
				GCC_WARN_UNUSED_FUNCTION = YES;
				GCC_WARN_UNUSED_VARIABLE = YES;
				IPHONEOS_DEPLOYMENT_TARGET = 16.2;
				MTL_ENABLE_DEBUG_INFO = INCLUDE_SOURCE;
				MTL_FAST_MATH = YES;
				ONLY_ACTIVE_ARCH = YES;
				SDKROOT = iphoneos;
				SWIFT_ACTIVE_COMPILATION_CONDITIONS = DEBUG;
				SWIFT_OPTIMIZATION_LEVEL = "-Onone";
			};
			name = Debug;
		};
		0915B6EE29B2C6DE00B0253B /* Release */ = {
			isa = XCBuildConfiguration;
			buildSettings = {
				ALWAYS_SEARCH_USER_PATHS = NO;
				CLANG_ANALYZER_NONNULL = YES;
				CLANG_ANALYZER_NUMBER_OBJECT_CONVERSION = YES_AGGRESSIVE;
				CLANG_CXX_LANGUAGE_STANDARD = "gnu++20";
				CLANG_ENABLE_MODULES = YES;
				CLANG_ENABLE_OBJC_ARC = YES;
				CLANG_ENABLE_OBJC_WEAK = YES;
				CLANG_WARN_BLOCK_CAPTURE_AUTORELEASING = YES;
				CLANG_WARN_BOOL_CONVERSION = YES;
				CLANG_WARN_COMMA = YES;
				CLANG_WARN_CONSTANT_CONVERSION = YES;
				CLANG_WARN_DEPRECATED_OBJC_IMPLEMENTATIONS = YES;
				CLANG_WARN_DIRECT_OBJC_ISA_USAGE = YES_ERROR;
				CLANG_WARN_DOCUMENTATION_COMMENTS = YES;
				CLANG_WARN_EMPTY_BODY = YES;
				CLANG_WARN_ENUM_CONVERSION = YES;
				CLANG_WARN_INFINITE_RECURSION = YES;
				CLANG_WARN_INT_CONVERSION = YES;
				CLANG_WARN_NON_LITERAL_NULL_CONVERSION = YES;
				CLANG_WARN_OBJC_IMPLICIT_RETAIN_SELF = YES;
				CLANG_WARN_OBJC_LITERAL_CONVERSION = YES;
				CLANG_WARN_OBJC_ROOT_CLASS = YES_ERROR;
				CLANG_WARN_QUOTED_INCLUDE_IN_FRAMEWORK_HEADER = YES;
				CLANG_WARN_RANGE_LOOP_ANALYSIS = YES;
				CLANG_WARN_STRICT_PROTOTYPES = YES;
				CLANG_WARN_SUSPICIOUS_MOVE = YES;
				CLANG_WARN_UNGUARDED_AVAILABILITY = YES_AGGRESSIVE;
				CLANG_WARN_UNREACHABLE_CODE = YES;
				CLANG_WARN__DUPLICATE_METHOD_MATCH = YES;
				COPY_PHASE_STRIP = NO;
				DEBUG_INFORMATION_FORMAT = "dwarf-with-dsym";
				ENABLE_NS_ASSERTIONS = NO;
				ENABLE_STRICT_OBJC_MSGSEND = YES;
				GCC_C_LANGUAGE_STANDARD = gnu11;
				GCC_NO_COMMON_BLOCKS = YES;
				GCC_WARN_64_TO_32_BIT_CONVERSION = YES;
				GCC_WARN_ABOUT_RETURN_TYPE = YES_ERROR;
				GCC_WARN_UNDECLARED_SELECTOR = YES;
				GCC_WARN_UNINITIALIZED_AUTOS = YES_AGGRESSIVE;
				GCC_WARN_UNUSED_FUNCTION = YES;
				GCC_WARN_UNUSED_VARIABLE = YES;
				IPHONEOS_DEPLOYMENT_TARGET = 16.2;
				MTL_ENABLE_DEBUG_INFO = NO;
				MTL_FAST_MATH = YES;
				SDKROOT = iphoneos;
				SWIFT_COMPILATION_MODE = wholemodule;
				SWIFT_OPTIMIZATION_LEVEL = "-O";
				VALIDATE_PRODUCT = YES;
			};
			name = Release;
		};
		0915B6F029B2C6DE00B0253B /* Debug */ = {
			isa = XCBuildConfiguration;
			buildSettings = {
				ASSETCATALOG_COMPILER_APPICON_NAME = AppIcon;
				ASSETCATALOG_COMPILER_GLOBAL_ACCENT_COLOR_NAME = AccentColor;
				CODE_SIGN_STYLE = Automatic;
				CURRENT_PROJECT_VERSION = 1;
				DEVELOPMENT_ASSET_PATHS = "\"Hackathon/Preview Content\"";
				DEVELOPMENT_TEAM = F7YUD7S5UW;
				ENABLE_PREVIEWS = YES;
				GENERATE_INFOPLIST_FILE = YES;
				INFOPLIST_KEY_UIApplicationSceneManifest_Generation = YES;
				INFOPLIST_KEY_UIApplicationSupportsIndirectInputEvents = YES;
				INFOPLIST_KEY_UILaunchScreen_Generation = YES;
				INFOPLIST_KEY_UISupportedInterfaceOrientations_iPad = "UIInterfaceOrientationPortrait UIInterfaceOrientationPortraitUpsideDown UIInterfaceOrientationLandscapeLeft UIInterfaceOrientationLandscapeRight";
				INFOPLIST_KEY_UISupportedInterfaceOrientations_iPhone = "UIInterfaceOrientationPortrait UIInterfaceOrientationLandscapeLeft UIInterfaceOrientationLandscapeRight";
				LD_RUNPATH_SEARCH_PATHS = (
					"$(inherited)",
					"@executable_path/Frameworks",
				);
				MARKETING_VERSION = 1.0;
				PRODUCT_BUNDLE_IDENTIFIER = EthanChowTests.Hackathon;
				PRODUCT_NAME = "$(TARGET_NAME)";
				SWIFT_EMIT_LOC_STRINGS = YES;
				SWIFT_VERSION = 5.0;
				TARGETED_DEVICE_FAMILY = "1,2";
			};
			name = Debug;
		};
		0915B6F129B2C6DE00B0253B /* Release */ = {
			isa = XCBuildConfiguration;
			buildSettings = {
				ASSETCATALOG_COMPILER_APPICON_NAME = AppIcon;
				ASSETCATALOG_COMPILER_GLOBAL_ACCENT_COLOR_NAME = AccentColor;
				CODE_SIGN_STYLE = Automatic;
				CURRENT_PROJECT_VERSION = 1;
				DEVELOPMENT_ASSET_PATHS = "\"Hackathon/Preview Content\"";
				DEVELOPMENT_TEAM = F7YUD7S5UW;
				ENABLE_PREVIEWS = YES;
				GENERATE_INFOPLIST_FILE = YES;
				INFOPLIST_KEY_UIApplicationSceneManifest_Generation = YES;
				INFOPLIST_KEY_UIApplicationSupportsIndirectInputEvents = YES;
				INFOPLIST_KEY_UILaunchScreen_Generation = YES;
				INFOPLIST_KEY_UISupportedInterfaceOrientations_iPad = "UIInterfaceOrientationPortrait UIInterfaceOrientationPortraitUpsideDown UIInterfaceOrientationLandscapeLeft UIInterfaceOrientationLandscapeRight";
				INFOPLIST_KEY_UISupportedInterfaceOrientations_iPhone = "UIInterfaceOrientationPortrait UIInterfaceOrientationLandscapeLeft UIInterfaceOrientationLandscapeRight";
				LD_RUNPATH_SEARCH_PATHS = (
					"$(inherited)",
					"@executable_path/Frameworks",
				);
				MARKETING_VERSION = 1.0;
				PRODUCT_BUNDLE_IDENTIFIER = EthanChowTests.Hackathon;
				PRODUCT_NAME = "$(TARGET_NAME)";
				SWIFT_EMIT_LOC_STRINGS = YES;
				SWIFT_VERSION = 5.0;
				TARGETED_DEVICE_FAMILY = "1,2";
			};
			name = Release;
		};
		0915B6F329B2C6DE00B0253B /* Debug */ = {
			isa = XCBuildConfiguration;
			buildSettings = {
				ALWAYS_EMBED_SWIFT_STANDARD_LIBRARIES = YES;
				BUNDLE_LOADER = "$(TEST_HOST)";
				CODE_SIGN_STYLE = Automatic;
				CURRENT_PROJECT_VERSION = 1;
				DEVELOPMENT_TEAM = F7YUD7S5UW;
				GENERATE_INFOPLIST_FILE = YES;
				IPHONEOS_DEPLOYMENT_TARGET = 16.2;
				MARKETING_VERSION = 1.0;
				PRODUCT_BUNDLE_IDENTIFIER = EthanChowTests.HackathonTests;
				PRODUCT_NAME = "$(TARGET_NAME)";
				SWIFT_EMIT_LOC_STRINGS = NO;
				SWIFT_VERSION = 5.0;
				TARGETED_DEVICE_FAMILY = "1,2";
				TEST_HOST = "$(BUILT_PRODUCTS_DIR)/Hackathon.app/$(BUNDLE_EXECUTABLE_FOLDER_PATH)/Hackathon";
			};
			name = Debug;
		};
		0915B6F429B2C6DE00B0253B /* Release */ = {
			isa = XCBuildConfiguration;
			buildSettings = {
				ALWAYS_EMBED_SWIFT_STANDARD_LIBRARIES = YES;
				BUNDLE_LOADER = "$(TEST_HOST)";
				CODE_SIGN_STYLE = Automatic;
				CURRENT_PROJECT_VERSION = 1;
				DEVELOPMENT_TEAM = F7YUD7S5UW;
				GENERATE_INFOPLIST_FILE = YES;
				IPHONEOS_DEPLOYMENT_TARGET = 16.2;
				MARKETING_VERSION = 1.0;
				PRODUCT_BUNDLE_IDENTIFIER = EthanChowTests.HackathonTests;
				PRODUCT_NAME = "$(TARGET_NAME)";
				SWIFT_EMIT_LOC_STRINGS = NO;
				SWIFT_VERSION = 5.0;
				TARGETED_DEVICE_FAMILY = "1,2";
				TEST_HOST = "$(BUILT_PRODUCTS_DIR)/Hackathon.app/$(BUNDLE_EXECUTABLE_FOLDER_PATH)/Hackathon";
			};
			name = Release;
		};
		0915B6F629B2C6DE00B0253B /* Debug */ = {
			isa = XCBuildConfiguration;
			buildSettings = {
				ALWAYS_EMBED_SWIFT_STANDARD_LIBRARIES = YES;
				CODE_SIGN_STYLE = Automatic;
				CURRENT_PROJECT_VERSION = 1;
				DEVELOPMENT_TEAM = F7YUD7S5UW;
				GENERATE_INFOPLIST_FILE = YES;
				MARKETING_VERSION = 1.0;
				PRODUCT_BUNDLE_IDENTIFIER = EthanChowTests.HackathonUITests;
				PRODUCT_NAME = "$(TARGET_NAME)";
				SWIFT_EMIT_LOC_STRINGS = NO;
				SWIFT_VERSION = 5.0;
				TARGETED_DEVICE_FAMILY = "1,2";
				TEST_TARGET_NAME = Hackathon;
			};
			name = Debug;
		};
		0915B6F729B2C6DE00B0253B /* Release */ = {
			isa = XCBuildConfiguration;
			buildSettings = {
				ALWAYS_EMBED_SWIFT_STANDARD_LIBRARIES = YES;
				CODE_SIGN_STYLE = Automatic;
				CURRENT_PROJECT_VERSION = 1;
				DEVELOPMENT_TEAM = F7YUD7S5UW;
				GENERATE_INFOPLIST_FILE = YES;
				MARKETING_VERSION = 1.0;
				PRODUCT_BUNDLE_IDENTIFIER = EthanChowTests.HackathonUITests;
				PRODUCT_NAME = "$(TARGET_NAME)";
				SWIFT_EMIT_LOC_STRINGS = NO;
				SWIFT_VERSION = 5.0;
				TARGETED_DEVICE_FAMILY = "1,2";
				TEST_TARGET_NAME = Hackathon;
			};
			name = Release;
		};
/* End XCBuildConfiguration section */

/* Begin XCConfigurationList section */
		0915B6C629B2C6DD00B0253B /* Build configuration list for PBXProject "Hackathon" */ = {
			isa = XCConfigurationList;
			buildConfigurations = (
				0915B6ED29B2C6DE00B0253B /* Debug */,
				0915B6EE29B2C6DE00B0253B /* Release */,
			);
			defaultConfigurationIsVisible = 0;
			defaultConfigurationName = Release;
		};
		0915B6EF29B2C6DE00B0253B /* Build configuration list for PBXNativeTarget "Hackathon" */ = {
			isa = XCConfigurationList;
			buildConfigurations = (
				0915B6F029B2C6DE00B0253B /* Debug */,
				0915B6F129B2C6DE00B0253B /* Release */,
			);
			defaultConfigurationIsVisible = 0;
			defaultConfigurationName = Release;
		};
		0915B6F229B2C6DE00B0253B /* Build configuration list for PBXNativeTarget "HackathonTests" */ = {
			isa = XCConfigurationList;
			buildConfigurations = (
				0915B6F329B2C6DE00B0253B /* Debug */,
				0915B6F429B2C6DE00B0253B /* Release */,
			);
			defaultConfigurationIsVisible = 0;
			defaultConfigurationName = Release;
		};
		0915B6F529B2C6DE00B0253B /* Build configuration list for PBXNativeTarget "HackathonUITests" */ = {
			isa = XCConfigurationList;
			buildConfigurations = (
				0915B6F629B2C6DE00B0253B /* Debug */,
				0915B6F729B2C6DE00B0253B /* Release */,
			);
			defaultConfigurationIsVisible = 0;
			defaultConfigurationName = Release;
		};
/* End XCConfigurationList section */
	};
	rootObject = 0915B6C329B2C6DD00B0253B /* Project object */;
}
